
Microsoft Visual Studio Solution File, Format Version 12.00
# Visual Studio Version 17
VisualStudioVersion = 17.2.32519.379
MinimumVisualStudioVersion = 10.0.40219.1
Project("{9A19103F-16F7-4668-BE54-9A1E7A4F7556}") = "RoomEnvironmentMonitor", "RoomEnvironmentMonitor.csproj", "{E64189CB-C1C7-4DA9-AB8B-2FE13FDF3ABB}"
EndProject
Global
	GlobalSection(SolutionConfigurationPlatforms) = preSolution
		Debug|Any CPU = Debug|Any CPU
		Release|Any CPU = Release|Any CPU
	EndGlobalSection
	GlobalSection(ProjectConfigurationPlatforms) = postSolution
		{E64189CB-C1C7-4DA9-AB8B-2FE13FDF3ABB}.Debug|Any CPU.ActiveCfg = Debug|Any CPU
		{E64189CB-C1C7-4DA9-AB8B-2FE13FDF3ABB}.Debug|Any CPU.Build.0 = Debug|Any CPU
		{E64189CB-C1C7-4DA9-AB8B-2FE13FDF3ABB}.Release|Any CPU.ActiveCfg = Release|Any CPU
		{E64189CB-C1C7-4DA9-AB8B-2FE13FDF3ABB}.Release|Any CPU.Build.0 = Release|Any CPU
	EndGlobalSection
	GlobalSection(SolutionProperties) = preSolution
		HideSolutionNode = FALSE
	EndGlobalSection
	GlobalSection(ExtensibilityGlobals) = postSolution
		SolutionGuid = {70A76906-585F-43CF-9C35-9230E6ADC62A}
	EndGlobalSection
EndGlobal
